
Microsoft Visual Studio Solution File, Format Version 12.00
# Visual Studio Version 16
VisualStudioVersion = 16.0.32228.343
MinimumVisualStudioVersion = 10.0.40219.1
Project("{FAE04EC0-301F-11D3-BF4B-00C04F79EFBC}") = "MatchGame", "MatchGame\MatchGame.csproj", "{252BB81B-0B21-4F1F-BB5E-BF384A8C8B73}"
EndProject
Global
	GlobalSection(SolutionConfigurationPlatforms) = preSolution
		Debug|Any CPU = Debug|Any CPU
		Release|Any CPU = Release|Any CPU
	EndGlobalSection
	GlobalSection(ProjectConfigurationPlatforms) = postSolution
		{252BB81B-0B21-4F1F-BB5E-BF384A8C8B73}.Debug|Any CPU.ActiveCfg = Debug|Any CPU
		{252BB81B-0B21-4F1F-BB5E-BF384A8C8B73}.Debug|Any CPU.Build.0 = Debug|Any CPU
		{252BB81B-0B21-4F1F-BB5E-BF384A8C8B73}.Release|Any CPU.ActiveCfg = Release|Any CPU
		{252BB81B-0B21-4F1F-BB5E-BF384A8C8B73}.Release|Any CPU.Build.0 = Release|Any CPU
	EndGlobalSection
	GlobalSection(SolutionProperties) = preSolution
		HideSolutionNode = FALSE
	EndGlobalSection
	GlobalSection(ExtensibilityGlobals) = postSolution
		SolutionGuid = {84F336E6-48DD-4464-AB88-79A489EAF28E}
	EndGlobalSection
EndGlobal
